# SETUP PHASE ACTIVE
# Created by /setup start at 2025-08-13
# Remove with: /setup complete

This project is currently in SETUP PHASE.
During this phase:
- Focus on planning and documentation
- No implementation code yet
- Gather requirements and make technical decisions
- Create proper project structure